// !$*UTF8*$!
{
	archiveVersion = 1;
	classes = {
	};
	objectVersion = 77;
	objects = {

/* Begin PBXBuildFile section */
		742F1A752E4D4DD6001A10CC /* MarkdownUI in Frameworks */ = {isa = PBXBuildFile; productRef = 742F1A742E4D4DD6001A10CC /* MarkdownUI */; };
/* End PBXBuildFile section */

/* Begin PBXBuildRule section */
		7418C6952D42348F007671D9 /* PBXBuildRule */ = {
			isa = PBXBuildRule;
			compilerSpec = com.apple.compilers.proxy.script;
			fileType = pattern.proxy;
			inputFiles = (
			);
			isEditable = 1;
			outputFiles = (
			);
			script = "# Type a script or drag a script file from your workspace to insert its path.\n";
		};
/* End PBXBuildRule section */

/* Begin PBXContainerItemProxy section */
		74516F672D33EA1500731EDB /* PBXContainerItemProxy */ = {
			isa = PBXContainerItemProxy;
			containerPortal = 74516F4B2D33EA1300731EDB /* Project object */;
			proxyType = 1;
			remoteGlobalIDString = 74516F522D33EA1300731EDB;
			remoteInfo = "vxAtelier Pro";
		};
		74516F712D33EA1500731EDB /* PBXContainerItemProxy */ = {
			isa = PBXContainerItemProxy;
			containerPortal = 74516F4B2D33EA1300731EDB /* Project object */;
			proxyType = 1;
			remoteGlobalIDString = 74516F522D33EA1300731EDB;
			remoteInfo = "vxAtelier Pro";
		};
/* End PBXContainerItemProxy section */

/* Begin PBXFileReference section */
		742675CA2E3995090084FBF2 /* vxAtelier Pro.xctestplan */ = {isa = PBXFileReference; lastKnownFileType = text; path = "vxAtelier Pro.xctestplan"; sourceTree = "<group>"; };
		742F1A712E4D4D49001A10CC /* AVFoundation.framework */ = {isa = PBXFileReference; lastKnownFileType = wrapper.framework; name = AVFoundation.framework; path = Platforms/iPhoneOS.platform/Developer/SDKs/iPhoneOS18.5.sdk/System/Library/Frameworks/AVFoundation.framework; sourceTree = DEVELOPER_DIR; };
		74516F532D33EA1300731EDB /* vxAtelier Pro-debug.app */ = {isa = PBXFileReference; explicitFileType = wrapper.application; includeInIndex = 0; path = "vxAtelier Pro-debug.app"; sourceTree = BUILT_PRODUCTS_DIR; };
		74516F662D33EA1500731EDB /* vxAtelier ProTests.xctest */ = {isa = PBXFileReference; explicitFileType = wrapper.cfbundle; includeInIndex = 0; path = "vxAtelier ProTests.xctest"; sourceTree = BUILT_PRODUCTS_DIR; };
		74516F702D33EA1500731EDB /* vxAtelier ProUITests.xctest */ = {isa = PBXFileReference; explicitFileType = wrapper.cfbundle; includeInIndex = 0; path = "vxAtelier ProUITests.xctest"; sourceTree = BUILT_PRODUCTS_DIR; };
		745A79502D5DDBEE00E0921D /* .gitignore */ = {isa = PBXFileReference; lastKnownFileType = text; path = .gitignore; sourceTree = "<group>"; };
/* End PBXFileReference section */

/* Begin PBXFileSystemSynchronizedBuildFileExceptionSet section */
		74D79F682D6FAE49006A061F /* Exceptions for "vxAtelier Pro" folder in "vxAtelier Pro" target */ = {
			isa = PBXFileSystemSynchronizedBuildFileExceptionSet;
			membershipExceptions = (
				src/ai/README.md,
			);
			target = 74516F522D33EA1300731EDB /* vxAtelier Pro */;
		};
		74D79F692D6FAE49006A061F /* Exceptions for "vxAtelier ProTests" folder in "vxAtelier ProTests" target */ = {
			isa = PBXFileSystemSynchronizedBuildFileExceptionSet;
			membershipExceptions = (
				AI/LiveLLMProviders.json,
				AI/LiveLLMProviders.local.json,
			);
			target = 74516F652D33EA1500731EDB /* vxAtelier ProTests */;
		};
/* End PBXFileSystemSynchronizedBuildFileExceptionSet section */

/* Begin PBXFileSystemSynchronizedRootGroup section */
		74516F552D33EA1300731EDB /* vxAtelier Pro */ = {
			isa = PBXFileSystemSynchronizedRootGroup;
			exceptions = (
				74D79F682D6FAE49006A061F /* Exceptions for "vxAtelier Pro" folder in "vxAtelier Pro" target */,
			);
			path = "vxAtelier Pro";
			sourceTree = "<group>";
		};
		74516F692D33EA1500731EDB /* vxAtelier ProTests */ = {
			isa = PBXFileSystemSynchronizedRootGroup;
			exceptions = (
				74D79F692D6FAE49006A061F /* Exceptions for "vxAtelier ProTests" folder in "vxAtelier ProTests" target */,
			);
			path = "vxAtelier ProTests";
			sourceTree = "<group>";
		};
		74516F732D33EA1500731EDB /* vxAtelier ProUITests */ = {
			isa = PBXFileSystemSynchronizedRootGroup;
			path = "vxAtelier ProUITests";
			sourceTree = "<group>";
		};
/* End PBXFileSystemSynchronizedRootGroup section */

/* Begin PBXFrameworksBuildPhase section */
		74516F502D33EA1300731EDB /* Frameworks */ = {
			isa = PBXFrameworksBuildPhase;
			buildActionMask = 2147483647;
			files = (
				742F1A752E4D4DD6001A10CC /* MarkdownUI in Frameworks */,
			);
			runOnlyForDeploymentPostprocessing = 0;
		};
		74516F632D33EA1500731EDB /* Frameworks */ = {
			isa = PBXFrameworksBuildPhase;
			buildActionMask = 2147483647;
			files = (
			);
			runOnlyForDeploymentPostprocessing = 0;
		};
		74516F6D2D33EA1500731EDB /* Frameworks */ = {
			isa = PBXFrameworksBuildPhase;
			buildActionMask = 2147483647;
			files = (
			);
			runOnlyForDeploymentPostprocessing = 0;
		};
/* End PBXFrameworksBuildPhase section */

/* Begin PBXGroup section */
		742F1A6E2E4D4D2D001A10CC /* Frameworks */ = {
			isa = PBXGroup;
			children = (
				742F1A712E4D4D49001A10CC /* AVFoundation.framework */,
			);
			name = Frameworks;
			sourceTree = "<group>";
		};
		74516F4A2D33EA1300731EDB = {
			isa = PBXGroup;
			children = (
				742675CA2E3995090084FBF2 /* vxAtelier Pro.xctestplan */,
				745A79502D5DDBEE00E0921D /* .gitignore */,
				74516F552D33EA1300731EDB /* vxAtelier Pro */,
				74516F692D33EA1500731EDB /* vxAtelier ProTests */,
				74516F732D33EA1500731EDB /* vxAtelier ProUITests */,
				742F1A6E2E4D4D2D001A10CC /* Frameworks */,
				74516F542D33EA1300731EDB /* Products */,
			);
			sourceTree = "<group>";
		};
		74516F542D33EA1300731EDB /* Products */ = {
			isa = PBXGroup;
			children = (
				74516F532D33EA1300731EDB /* vxAtelier Pro-debug.app */,
				74516F662D33EA1500731EDB /* vxAtelier ProTests.xctest */,
				74516F702D33EA1500731EDB /* vxAtelier ProUITests.xctest */,
			);
			name = Products;
			sourceTree = "<group>";
		};
/* End PBXGroup section */

/* Begin PBXNativeTarget section */
		74516F522D33EA1300731EDB /* vxAtelier Pro */ = {
			isa = PBXNativeTarget;
			buildConfigurationList = 74516F7A2D33EA1500731EDB /* Build configuration list for PBXNativeTarget "vxAtelier Pro" */;
			buildPhases = (
				74516F4F2D33EA1300731EDB /* Sources */,
				74516F502D33EA1300731EDB /* Frameworks */,
				74516F512D33EA1300731EDB /* Resources */,
			);
			buildRules = (
				7418C6952D42348F007671D9 /* PBXBuildRule */,
			);
			dependencies = (
			);
			fileSystemSynchronizedGroups = (
				74516F552D33EA1300731EDB /* vxAtelier Pro */,
			);
			name = "vxAtelier Pro";
			packageProductDependencies = (
				742F1A742E4D4DD6001A10CC /* MarkdownUI */,
			);
			productName = "vxAtelier Pro";
			productReference = 74516F532D33EA1300731EDB /* vxAtelier Pro-debug.app */;
			productType = "com.apple.product-type.application";
		};
		74516F652D33EA1500731EDB /* vxAtelier ProTests */ = {
			isa = PBXNativeTarget;
			buildConfigurationList = 74516F7D2D33EA1500731EDB /* Build configuration list for PBXNativeTarget "vxAtelier ProTests" */;
			buildPhases = (
				74516F622D33EA1500731EDB /* Sources */,
				74516F632D33EA1500731EDB /* Frameworks */,
				74516F642D33EA1500731EDB /* Resources */,
			);
			buildRules = (
			);
			dependencies = (
				74516F682D33EA1500731EDB /* PBXTargetDependency */,
			);
			fileSystemSynchronizedGroups = (
				74516F692D33EA1500731EDB /* vxAtelier ProTests */,
			);
			name = "vxAtelier ProTests";
			packageProductDependencies = (
			);
			productName = "vxAtelier ProTests";
			productReference = 74516F662D33EA1500731EDB /* vxAtelier ProTests.xctest */;
			productType = "com.apple.product-type.bundle.unit-test";
		};
		74516F6F2D33EA1500731EDB /* vxAtelier ProUITests */ = {
			isa = PBXNativeTarget;
			buildConfigurationList = 74516F802D33EA1500731EDB /* Build configuration list for PBXNativeTarget "vxAtelier ProUITests" */;
			buildPhases = (
				74516F6C2D33EA1500731EDB /* Sources */,
				74516F6D2D33EA1500731EDB /* Frameworks */,
				74516F6E2D33EA1500731EDB /* Resources */,
			);
			buildRules = (
			);
			dependencies = (
				74516F722D33EA1500731EDB /* PBXTargetDependency */,
			);
			fileSystemSynchronizedGroups = (
				74516F732D33EA1500731EDB /* vxAtelier ProUITests */,
			);
			name = "vxAtelier ProUITests";
			packageProductDependencies = (
			);
			productName = "vxAtelier ProUITests";
			productReference = 74516F702D33EA1500731EDB /* vxAtelier ProUITests.xctest */;
			productType = "com.apple.product-type.bundle.ui-testing";
		};
/* End PBXNativeTarget section */

/* Begin PBXProject section */
		74516F4B2D33EA1300731EDB /* Project object */ = {
			isa = PBXProject;
			attributes = {
				BuildIndependentTargetsInParallel = 1;
				LastSwiftUpdateCheck = 1620;
				LastUpgradeCheck = 1630;
				TargetAttributes = {
					74516F522D33EA1300731EDB = {
						CreatedOnToolsVersion = 16.2;
					};
					74516F652D33EA1500731EDB = {
						CreatedOnToolsVersion = 16.2;
						TestTargetID = 74516F522D33EA1300731EDB;
					};
					74516F6F2D33EA1500731EDB = {
						CreatedOnToolsVersion = 16.2;
						TestTargetID = 74516F522D33EA1300731EDB;
					};
				};
			};
			buildConfigurationList = 74516F4E2D33EA1300731EDB /* Build configuration list for PBXProject "vxAtelier Pro" */;
			developmentRegion = en;
			hasScannedForEncodings = 0;
			knownRegions = (
				en,
				Base,
			);
			mainGroup = 74516F4A2D33EA1300731EDB;
			minimizedProjectReferenceProxies = 1;
			packageReferences = (
				742F1A732E4D4DD6001A10CC /* XCRemoteSwiftPackageReference "MarkdownUI" */,
			);
			preferredProjectObjectVersion = 77;
			productRefGroup = 74516F542D33EA1300731EDB /* Products */;
			projectDirPath = "";
			projectRoot = "";
			targets = (
				74516F522D33EA1300731EDB /* vxAtelier Pro */,
				74516F652D33EA1500731EDB /* vxAtelier ProTests */,
				74516F6F2D33EA1500731EDB /* vxAtelier ProUITests */,
			);
		};
/* End PBXProject section */

/* Begin PBXResourcesBuildPhase section */
		74516F512D33EA1300731EDB /* Resources */ = {
			isa = PBXResourcesBuildPhase;
			buildActionMask = 2147483647;
			files = (
			);
			runOnlyForDeploymentPostprocessing = 0;
		};
		74516F642D33EA1500731EDB /* Resources */ = {
			isa = PBXResourcesBuildPhase;
			buildActionMask = 2147483647;
			files = (
			);
			runOnlyForDeploymentPostprocessing = 0;
		};
		74516F6E2D33EA1500731EDB /* Resources */ = {
			isa = PBXResourcesBuildPhase;
			buildActionMask = 2147483647;
			files = (
			);
			runOnlyForDeploymentPostprocessing = 0;
		};
/* End PBXResourcesBuildPhase section */

/* Begin PBXSourcesBuildPhase section */
		74516F4F2D33EA1300731EDB /* Sources */ = {
			isa = PBXSourcesBuildPhase;
			buildActionMask = 2147483647;
			files = (
			);
			runOnlyForDeploymentPostprocessing = 0;
		};
		74516F622D33EA1500731EDB /* Sources */ = {
			isa = PBXSourcesBuildPhase;
			buildActionMask = 2147483647;
			files = (
			);
			runOnlyForDeploymentPostprocessing = 0;
		};
		74516F6C2D33EA1500731EDB /* Sources */ = {
			isa = PBXSourcesBuildPhase;
			buildActionMask = 2147483647;
			files = (
			);
			runOnlyForDeploymentPostprocessing = 0;
		};
/* End PBXSourcesBuildPhase section */

/* Begin PBXTargetDependency section */
		74516F682D33EA1500731EDB /* PBXTargetDependency */ = {
			isa = PBXTargetDependency;
				target = 74516F522D33EA1300731EDB /* vxAtelier Pro */;
			targetProxy = 74516F672D33EA1500731EDB /* PBXContainerItemProxy */;
		};
		74516F722D33EA1500731EDB /* PBXTargetDependency */ = {
			isa = PBXTargetDependency;
				target = 74516F522D33EA1300731EDB /* vxAtelier Pro */;
			targetProxy = 74516F712D33EA1500731EDB /* PBXContainerItemProxy */;
		};
/* End PBXTargetDependency section */

/* Begin XCBuildConfiguration section */
		74516F782D33EA1500731EDB /* Debug */ = {
			isa = XCBuildConfiguration;
			buildSettings = {
				ALWAYS_SEARCH_USER_PATHS = NO;
				ASSETCATALOG_COMPILER_GENERATE_SWIFT_ASSET_SYMBOL_EXTENSIONS = YES;
				CLANG_ANALYZER_NONNULL = YES;
				CLANG_ANALYZER_NUMBER_OBJECT_CONVERSION = YES_AGGRESSIVE;
				CLANG_CXX_LANGUAGE_STANDARD = "gnu++20";
				CLANG_ENABLE_MODULES = YES;
				CLANG_ENABLE_OBJC_ARC = YES;
				CLANG_ENABLE_OBJC_WEAK = YES;
				CLANG_WARN_BLOCK_CAPTURE_AUTORELEASING = YES;
				CLANG_WARN_BOOL_CONVERSION = YES;
				CLANG_WARN_COMMA = YES;
				CLANG_WARN_CONSTANT_CONVERSION = YES;
				CLANG_WARN_DEPRECATED_OBJC_IMPLEMENTATIONS = YES;
				CLANG_WARN_DIRECT_OBJC_ISA_USAGE = YES_ERROR;
				CLANG_WARN_DOCUMENTATION_COMMENTS = YES;
				CLANG_WARN_EMPTY_BODY = YES;
				CLANG_WARN_ENUM_CONVERSION = YES;
				CLANG_WARN_INFINITE_RECURSION = YES;
				CLANG_WARN_INT_CONVERSION = YES;
				CLANG_WARN_NON_LITERAL_NULL_CONVERSION = YES;
				CLANG_WARN_OBJC_IMPLICIT_RETAIN_SELF = YES;
				CLANG_WARN_OBJC_LITERAL_CONVERSION = YES;
				CLANG_WARN_OBJC_ROOT_CLASS = YES_ERROR;
				CLANG_WARN_QUOTED_INCLUDE_IN_FRAMEWORK_HEADER = YES;
				CLANG_WARN_RANGE_LOOP_ANALYSIS = YES;
				CLANG_WARN_STRICT_PROTOTYPES = YES;
				CLANG_WARN_SUSPICIOUS_MOVE = YES;
				CLANG_WARN_UNGUARDED_AVAILABILITY = YES_AGGRESSIVE;
				CLANG_WARN_UNREACHABLE_CODE = YES;
				CLANG_WARN__DUPLICATE_METHOD_MATCH = YES;
				COPY_PHASE_STRIP = NO;
				DEAD_CODE_STRIPPING = YES;
				DEBUG_INFORMATION_FORMAT = dwarf;
				DEVELOPMENT_TEAM = N9P567V9QR;
				ENABLE_STRICT_OBJC_MSGSEND = YES;
				ENABLE_TESTABILITY = YES;
				ENABLE_USER_SCRIPT_SANDBOXING = YES;
				GCC_C_LANGUAGE_STANDARD = gnu17;
				GCC_DYNAMIC_NO_PIC = NO;
				GCC_NO_COMMON_BLOCKS = YES;
				GCC_OPTIMIZATION_LEVEL = 0;
				GCC_PREPROCESSOR_DEFINITIONS = (
					"DEBUG=1",
					"$(inherited)",
				);
				GCC_WARN_64_TO_32_BIT_CONVERSION = YES;
				GCC_WARN_ABOUT_RETURN_TYPE = YES_ERROR;
				GCC_WARN_UNDECLARED_SELECTOR = YES;
				GCC_WARN_UNINITIALIZED_AUTOS = YES_AGGRESSIVE;
				GCC_WARN_UNUSED_FUNCTION = YES;
				GCC_WARN_UNUSED_VARIABLE = YES;
				LOCALIZATION_PREFERS_STRING_CATALOGS = YES;
				MTL_ENABLE_DEBUG_INFO = INCLUDE_SOURCE;
				MTL_FAST_MATH = YES;
				ONLY_ACTIVE_ARCH = YES;
				SWIFT_ACTIVE_COMPILATION_CONDITIONS = "DEBUG $(inherited)";
				SWIFT_OPTIMIZATION_LEVEL = "-Onone";
			};
			name = Debug;
		};
		74516F792D33EA1500731EDB /* Release */ = {
			isa = XCBuildConfiguration;
			buildSettings = {
				ALWAYS_SEARCH_USER_PATHS = NO;
				ASSETCATALOG_COMPILER_GENERATE_SWIFT_ASSET_SYMBOL_EXTENSIONS = YES;
				CLANG_ANALYZER_NONNULL = YES;
				CLANG_ANALYZER_NUMBER_OBJECT_CONVERSION = YES_AGGRESSIVE;
				CLANG_CXX_LANGUAGE_STANDARD = "gnu++20";
				CLANG_ENABLE_MODULES = YES;
				CLANG_ENABLE_OBJC_ARC = YES;
				CLANG_ENABLE_OBJC_WEAK = YES;
				CLANG_WARN_BLOCK_CAPTURE_AUTORELEASING = YES;
				CLANG_WARN_BOOL_CONVERSION = YES;
				CLANG_WARN_COMMA = YES;
				CLANG_WARN_CONSTANT_CONVERSION = YES;
				CLANG_WARN_DEPRECATED_OBJC_IMPLEMENTATIONS = YES;
				CLANG_WARN_DIRECT_OBJC_ISA_USAGE = YES_ERROR;
				CLANG_WARN_DOCUMENTATION_COMMENTS = YES;
				CLANG_WARN_EMPTY_BODY = YES;
				CLANG_WARN_ENUM_CONVERSION = YES;
				CLANG_WARN_INFINITE_RECURSION = YES;
				CLANG_WARN_INT_CONVERSION = YES;
				CLANG_WARN_NON_LITERAL_NULL_CONVERSION = YES;
				CLANG_WARN_OBJC_IMPLICIT_RETAIN_SELF = YES;
				CLANG_WARN_OBJC_LITERAL_CONVERSION = YES;
				CLANG_WARN_OBJC_ROOT_CLASS = YES_ERROR;
				CLANG_WARN_QUOTED_INCLUDE_IN_FRAMEWORK_HEADER = YES;
				CLANG_WARN_RANGE_LOOP_ANALYSIS = YES;
				CLANG_WARN_STRICT_PROTOTYPES = YES;
				CLANG_WARN_SUSPICIOUS_MOVE = YES;
				CLANG_WARN_UNGUARDED_AVAILABILITY = YES_AGGRESSIVE;
				CLANG_WARN_UNREACHABLE_CODE = YES;
				CLANG_WARN__DUPLICATE_METHOD_MATCH = YES;
				COPY_PHASE_STRIP = NO;
				CURRENT_PROJECT_VERSION = 1;
				DEAD_CODE_STRIPPING = YES;
				DEBUG_INFORMATION_FORMAT = "dwarf-with-dsym";
				DEVELOPMENT_TEAM = N9P567V9QR;
				ENABLE_NS_ASSERTIONS = NO;
				ENABLE_STRICT_OBJC_MSGSEND = YES;
				ENABLE_USER_SCRIPT_SANDBOXING = YES;
				GCC_C_LANGUAGE_STANDARD = gnu17;
				GCC_NO_COMMON_BLOCKS = YES;
				GCC_WARN_64_TO_32_BIT_CONVERSION = YES;
				GCC_WARN_ABOUT_RETURN_TYPE = YES_ERROR;
				GCC_WARN_UNDECLARED_SELECTOR = YES;
				GCC_WARN_UNINITIALIZED_AUTOS = YES_AGGRESSIVE;
				GCC_WARN_UNUSED_FUNCTION = YES;
				GCC_WARN_UNUSED_VARIABLE = YES;
				LOCALIZATION_PREFERS_STRING_CATALOGS = YES;
				MTL_ENABLE_DEBUG_INFO = NO;
				MTL_FAST_MATH = YES;
				SWIFT_COMPILATION_MODE = wholemodule;
				VERSIONING_SYSTEM = "Apple Generic";
			};
			name = Release;
		};
		74516F7B2D33EA1500731EDB /* Debug */ = {
			isa = XCBuildConfiguration;
			buildSettings = {
				ASSETCATALOG_COMPILER_APPICON_NAME = "AppIcon-Debug";
				ASSETCATALOG_COMPILER_GLOBAL_ACCENT_COLOR_NAME = AccentColor;
				CODE_SIGN_ENTITLEMENTS = "vxAtelier Pro/vxAtelier ProDebug.entitlements";
				CODE_SIGN_STYLE = Automatic;
				CURRENT_PROJECT_VERSION = 1;
				DEAD_CODE_STRIPPING = YES;
				DEVELOPMENT_ASSET_PATHS = "\"vxAtelier Pro/Preview Content\"";
				DEVELOPMENT_TEAM = N9P567V9QR;
				ENABLE_HARDENED_RUNTIME = YES;
				ENABLE_PREVIEWS = YES;
				EXCLUDED_RECURSIVE_SEARCH_PATH_SUBDIRECTORIES = "*.nib *.lproj *.framework *.gch *.xcode* *.xcassets (*) .DS_Store CVS .svn .git .hg *.pbproj *.pbxproj .build .vscode";
				EXCLUDED_SOURCE_FILE_NAMES = (
					Package.swift,
					".build/**",
					".vscode/**",
				);
				GENERATE_INFOPLIST_FILE = YES;
				INFOPLIST_FILE = "vxAtelier-Pro-Info.plist";
				INFOPLIST_KEY_CFBundleDisplayName = "$(PRODUCT_NAME)";
				INFOPLIST_KEY_LSApplicationCategoryType = "public.app-category.productivity";
				INFOPLIST_KEY_NSCalendarsFullAccessUsageDescription = "vxAtelier Pro can use full calendar access for user-authorized automation and context features.";
				INFOPLIST_KEY_NSCalendarsUsageDescription = "vxAtelier Pro can use calendar access for user-authorized automation and context features.";
				INFOPLIST_KEY_NSCameraUsageDescription = "vxAtelier Pro can use the camera to capture images for user-selected content.";
				INFOPLIST_KEY_NSContactsUsageDescription = "vxAtelier Pro can use contacts for user-authorized automation and context features.";
				INFOPLIST_KEY_NSDocumentsFolderUsageDescription = "vxAtelier Pro uses Documents folder access for user-selected import and export files.";
				INFOPLIST_KEY_NSDownloadsFolderUsageDescription = "vxAtelier Pro uses Downloads folder access for user-selected import and export files.";
				INFOPLIST_KEY_NSLocationAlwaysAndWhenInUseUsageDescription = "vxAtelier Pro can use location for user-authorized automation and context features.";
				INFOPLIST_KEY_NSLocationWhenInUseUsageDescription = "vxAtelier Pro can use location while active for user-authorized automation and context features.";
				INFOPLIST_KEY_NSMicrophoneUsageDescription = "vxAtelier Pro can use the microphone for voice input and dictation.";
				INFOPLIST_KEY_NSPhotoLibraryUsageDescription = "vxAtelier Pro uses photo library access to select avatar images and user-selected content.";
				INFOPLIST_KEY_NSSpeechRecognitionUsageDescription = "vxAtelier Pro can use speech recognition to transcribe dictated audio into text.";
				"INFOPLIST_KEY_UIApplicationSceneManifest_Generation[sdk=iphoneos*]" = YES;
				"INFOPLIST_KEY_UIApplicationSceneManifest_Generation[sdk=iphonesimulator*]" = YES;
				"INFOPLIST_KEY_UIApplicationSupportsIndirectInputEvents[sdk=iphoneos*]" = YES;
				"INFOPLIST_KEY_UIApplicationSupportsIndirectInputEvents[sdk=iphonesimulator*]" = YES;
				"INFOPLIST_KEY_UILaunchScreen_Generation[sdk=iphoneos*]" = YES;
				"INFOPLIST_KEY_UILaunchScreen_Generation[sdk=iphonesimulator*]" = YES;
				"INFOPLIST_KEY_UIStatusBarStyle[sdk=iphoneos*]" = UIStatusBarStyleDefault;
				"INFOPLIST_KEY_UIStatusBarStyle[sdk=iphonesimulator*]" = UIStatusBarStyleDefault;
				INFOPLIST_KEY_UISupportedInterfaceOrientations_iPad = "UIInterfaceOrientationPortrait UIInterfaceOrientationPortraitUpsideDown UIInterfaceOrientationLandscapeLeft UIInterfaceOrientationLandscapeRight";
				INFOPLIST_KEY_UISupportedInterfaceOrientations_iPhone = "UIInterfaceOrientationPortrait UIInterfaceOrientationLandscapeLeft UIInterfaceOrientationLandscapeRight";
				IPHONEOS_DEPLOYMENT_TARGET = 17.6;
				LD_RUNPATH_SEARCH_PATHS = "@executable_path/Frameworks";
				"LD_RUNPATH_SEARCH_PATHS[sdk=macosx*]" = "@executable_path/../Frameworks";
				MACOSX_DEPLOYMENT_TARGET = 14;
				MARKETING_VERSION = 1.0;
				PRODUCT_BUNDLE_IDENTIFIER = "com.cutecube.software.vxAtelier-Pro-debug";
				PRODUCT_NAME = "$(TARGET_NAME)-debug";
				SDKROOT = auto;
				SUPPORTED_PLATFORMS = "iphoneos iphonesimulator macosx xros xrsimulator";
				SWIFT_EMIT_LOC_STRINGS = YES;
				SWIFT_VERSION = 5.0;
				TARGETED_DEVICE_FAMILY = "1,2,7";
				XROS_DEPLOYMENT_TARGET = 2.0;
			};
			name = Debug;
		};
		74516F7C2D33EA1500731EDB /* Release */ = {
			isa = XCBuildConfiguration;
			buildSettings = {
				ASSETCATALOG_COMPILER_APPICON_NAME = AppIcon;
				ASSETCATALOG_COMPILER_GLOBAL_ACCENT_COLOR_NAME = AccentColor;
				CODE_SIGN_ENTITLEMENTS = "vxAtelier Pro/vxAtelier_Pro.entitlements";
				CODE_SIGN_STYLE = Automatic;
				CURRENT_PROJECT_VERSION = 1;
				DEAD_CODE_STRIPPING = YES;
				DEVELOPMENT_ASSET_PATHS = "\"vxAtelier Pro/Preview Content\"";
				ENABLE_HARDENED_RUNTIME = YES;
				ENABLE_PREVIEWS = YES;
				EXCLUDED_RECURSIVE_SEARCH_PATH_SUBDIRECTORIES = "*.nib *.lproj *.framework *.gch *.xcode* *.xcassets (*) .DS_Store CVS .svn .git .hg *.pbproj *.pbxproj .build .vscode";
				EXCLUDED_SOURCE_FILE_NAMES = (
					Package.swift,
					".build/**",
					".vscode/**",
				);
				GENERATE_INFOPLIST_FILE = YES;
				INFOPLIST_FILE = "vxAtelier-Pro-Info.plist";
				INFOPLIST_KEY_CFBundleDisplayName = "$(PRODUCT_NAME)";
				INFOPLIST_KEY_LSApplicationCategoryType = "public.app-category.productivity";
				INFOPLIST_KEY_NSCalendarsFullAccessUsageDescription = "vxAtelier Pro can use full calendar access for user-authorized automation and context features.";
				INFOPLIST_KEY_NSCalendarsUsageDescription = "vxAtelier Pro can use calendar access for user-authorized automation and context features.";
				INFOPLIST_KEY_NSCameraUsageDescription = "vxAtelier Pro can use the camera to capture images for user-selected content.";
				INFOPLIST_KEY_NSContactsUsageDescription = "vxAtelier Pro can use contacts for user-authorized automation and context features.";
				INFOPLIST_KEY_NSDocumentsFolderUsageDescription = "vxAtelier Pro uses Documents folder access for user-selected import and export files.";
				INFOPLIST_KEY_NSDownloadsFolderUsageDescription = "vxAtelier Pro uses Downloads folder access for user-selected import and export files.";
				INFOPLIST_KEY_NSLocationAlwaysAndWhenInUseUsageDescription = "vxAtelier Pro can use location for user-authorized automation and context features.";
				INFOPLIST_KEY_NSLocationWhenInUseUsageDescription = "vxAtelier Pro can use location while active for user-authorized automation and context features.";
				INFOPLIST_KEY_NSMicrophoneUsageDescription = "vxAtelier Pro can use the microphone for voice input and dictation.";
				INFOPLIST_KEY_NSPhotoLibraryUsageDescription = "vxAtelier Pro uses photo library access to select avatar images and user-selected content.";
				INFOPLIST_KEY_NSSpeechRecognitionUsageDescription = "vxAtelier Pro can use speech recognition to transcribe dictated audio into text.";
				"INFOPLIST_KEY_UIApplicationSceneManifest_Generation[sdk=iphoneos*]" = YES;
				"INFOPLIST_KEY_UIApplicationSceneManifest_Generation[sdk=iphonesimulator*]" = YES;
				"INFOPLIST_KEY_UIApplicationSupportsIndirectInputEvents[sdk=iphoneos*]" = YES;
				"INFOPLIST_KEY_UIApplicationSupportsIndirectInputEvents[sdk=iphonesimulator*]" = YES;
				"INFOPLIST_KEY_UILaunchScreen_Generation[sdk=iphoneos*]" = YES;
				"INFOPLIST_KEY_UILaunchScreen_Generation[sdk=iphonesimulator*]" = YES;
				"INFOPLIST_KEY_UIStatusBarStyle[sdk=iphoneos*]" = UIStatusBarStyleDefault;
				"INFOPLIST_KEY_UIStatusBarStyle[sdk=iphonesimulator*]" = UIStatusBarStyleDefault;
				INFOPLIST_KEY_UISupportedInterfaceOrientations_iPad = "UIInterfaceOrientationPortrait UIInterfaceOrientationPortraitUpsideDown UIInterfaceOrientationLandscapeLeft UIInterfaceOrientationLandscapeRight";
				INFOPLIST_KEY_UISupportedInterfaceOrientations_iPhone = "UIInterfaceOrientationPortrait UIInterfaceOrientationLandscapeLeft UIInterfaceOrientationLandscapeRight";
				IPHONEOS_DEPLOYMENT_TARGET = 17.6;
				LD_RUNPATH_SEARCH_PATHS = "@executable_path/Frameworks";
				"LD_RUNPATH_SEARCH_PATHS[sdk=macosx*]" = "@executable_path/../Frameworks";
				MACOSX_DEPLOYMENT_TARGET = 14;
				MARKETING_VERSION = 1.0;
				PRODUCT_BUNDLE_IDENTIFIER = "com.cutecube.software.vxAtelier-Pro";
				PRODUCT_NAME = "$(TARGET_NAME)";
				SDKROOT = auto;
				SUPPORTED_PLATFORMS = "iphoneos iphonesimulator macosx xros xrsimulator";
				SWIFT_EMIT_LOC_STRINGS = YES;
				SWIFT_VERSION = 5.0;
				TARGETED_DEVICE_FAMILY = "1,2,7";
				XROS_DEPLOYMENT_TARGET = 2.0;
			};
			name = Release;
		};
		74516F7E2D33EA1500731EDB /* Debug */ = {
			isa = XCBuildConfiguration;
			buildSettings = {
				BUNDLE_LOADER = "$(TEST_HOST)";
				CODE_SIGN_STYLE = Automatic;
				CURRENT_PROJECT_VERSION = 1;
				DEAD_CODE_STRIPPING = YES;
				GENERATE_INFOPLIST_FILE = YES;
				IPHONEOS_DEPLOYMENT_TARGET = 18.2;
				MACOSX_DEPLOYMENT_TARGET = 15.2;
				MARKETING_VERSION = 1.0;
				PRODUCT_BUNDLE_IDENTIFIER = "com.cutecube.software.vxAtelier-ProTests";
				PRODUCT_NAME = "$(TARGET_NAME)";
				SDKROOT = auto;
				SUPPORTED_PLATFORMS = "iphoneos iphonesimulator macosx xros xrsimulator";
				SWIFT_EMIT_LOC_STRINGS = NO;
				SWIFT_VERSION = 5.0;
				TARGETED_DEVICE_FAMILY = "1,2,7";
				TEST_HOST = "$(BUILT_PRODUCTS_DIR)/vxAtelier Pro-debug.app/$(BUNDLE_EXECUTABLE_FOLDER_PATH)/vxAtelier Pro-debug";
				XROS_DEPLOYMENT_TARGET = 2.2;
			};
			name = Debug;
		};
		74516F7F2D33EA1500731EDB /* Release */ = {
			isa = XCBuildConfiguration;
			buildSettings = {
				BUNDLE_LOADER = "$(TEST_HOST)";
				CODE_SIGN_STYLE = Automatic;
				CURRENT_PROJECT_VERSION = 1;
				DEAD_CODE_STRIPPING = YES;
				GENERATE_INFOPLIST_FILE = YES;
				IPHONEOS_DEPLOYMENT_TARGET = 18.2;
				MACOSX_DEPLOYMENT_TARGET = 15.2;
				MARKETING_VERSION = 1.0;
				PRODUCT_BUNDLE_IDENTIFIER = "com.cutecube.software.vxAtelier-ProTests";
				PRODUCT_NAME = "$(TARGET_NAME)";
				SDKROOT = auto;
				SUPPORTED_PLATFORMS = "iphoneos iphonesimulator macosx xros xrsimulator";
				SWIFT_EMIT_LOC_STRINGS = NO;
				SWIFT_VERSION = 5.0;
				TARGETED_DEVICE_FAMILY = "1,2,7";
				TEST_HOST = "$(BUILT_PRODUCTS_DIR)/vxAtelier Pro-debug.app/$(BUNDLE_EXECUTABLE_FOLDER_PATH)/vxAtelier Pro-debug";
				XROS_DEPLOYMENT_TARGET = 2.2;
			};
			name = Release;
		};
		74516F812D33EA1500731EDB /* Debug */ = {
			isa = XCBuildConfiguration;
			buildSettings = {
				CODE_SIGN_STYLE = Automatic;
				CURRENT_PROJECT_VERSION = 1;
				DEAD_CODE_STRIPPING = YES;
				GENERATE_INFOPLIST_FILE = YES;
				IPHONEOS_DEPLOYMENT_TARGET = 18.2;
				MACOSX_DEPLOYMENT_TARGET = 15.2;
				MARKETING_VERSION = 1.0;
				PRODUCT_BUNDLE_IDENTIFIER = "com.cutecube.software.vxAtelier-ProUITests";
				PRODUCT_NAME = "$(TARGET_NAME)";
				SDKROOT = auto;
				SUPPORTED_PLATFORMS = "iphoneos iphonesimulator macosx xros xrsimulator";
				SWIFT_EMIT_LOC_STRINGS = NO;
				SWIFT_VERSION = 5.0;
				TARGETED_DEVICE_FAMILY = "1,2,7";
				TEST_HOST = "";
				TEST_TARGET_NAME = "vxAtelier Pro";
				XROS_DEPLOYMENT_TARGET = 2.2;
			};
			name = Debug;
		};
		74516F822D33EA1500731EDB /* Release */ = {
			isa = XCBuildConfiguration;
			buildSettings = {
				CODE_SIGN_STYLE = Automatic;
				CURRENT_PROJECT_VERSION = 1;
				DEAD_CODE_STRIPPING = YES;
				GENERATE_INFOPLIST_FILE = YES;
				IPHONEOS_DEPLOYMENT_TARGET = 18.2;
				MACOSX_DEPLOYMENT_TARGET = 15.2;
				MARKETING_VERSION = 1.0;
				PRODUCT_BUNDLE_IDENTIFIER = "com.cutecube.software.vxAtelier-ProUITests";
				PRODUCT_NAME = "$(TARGET_NAME)";
				SDKROOT = auto;
				SUPPORTED_PLATFORMS = "iphoneos iphonesimulator macosx xros xrsimulator";
				SWIFT_EMIT_LOC_STRINGS = NO;
				SWIFT_VERSION = 5.0;
				TARGETED_DEVICE_FAMILY = "1,2,7";
				TEST_HOST = "";
				TEST_TARGET_NAME = "vxAtelier Pro";
				XROS_DEPLOYMENT_TARGET = 2.2;
			};
			name = Release;
		};
/* End XCBuildConfiguration section */

/* Begin XCConfigurationList section */
		74516F4E2D33EA1300731EDB /* Build configuration list for PBXProject "vxAtelier Pro" */ = {
			isa = XCConfigurationList;
			buildConfigurations = (
				74516F782D33EA1500731EDB /* Debug */,
				74516F792D33EA1500731EDB /* Release */,
			);
			defaultConfigurationIsVisible = 0;
			defaultConfigurationName = Release;
		};
		74516F7A2D33EA1500731EDB /* Build configuration list for PBXNativeTarget "vxAtelier Pro" */ = {
			isa = XCConfigurationList;
			buildConfigurations = (
				74516F7B2D33EA1500731EDB /* Debug */,
				74516F7C2D33EA1500731EDB /* Release */,
			);
			defaultConfigurationIsVisible = 0;
			defaultConfigurationName = Release;
		};
		74516F7D2D33EA1500731EDB /* Build configuration list for PBXNativeTarget "vxAtelier ProTests" */ = {
			isa = XCConfigurationList;
			buildConfigurations = (
				74516F7E2D33EA1500731EDB /* Debug */,
				74516F7F2D33EA1500731EDB /* Release */,
			);
			defaultConfigurationIsVisible = 0;
			defaultConfigurationName = Release;
		};
		74516F802D33EA1500731EDB /* Build configuration list for PBXNativeTarget "vxAtelier ProUITests" */ = {
			isa = XCConfigurationList;
			buildConfigurations = (
				74516F812D33EA1500731EDB /* Debug */,
				74516F822D33EA1500731EDB /* Release */,
			);
			defaultConfigurationIsVisible = 0;
			defaultConfigurationName = Release;
		};
/* End XCConfigurationList section */

/* Begin XCRemoteSwiftPackageReference section */
		742F1A732E4D4DD6001A10CC /* XCRemoteSwiftPackageReference "MarkdownUI" */ = {
			isa = XCRemoteSwiftPackageReference;
			repositoryURL = "https://github.com/gonzalezreal/MarkdownUI.git";
			requirement = {
				kind = upToNextMajorVersion;
				minimumVersion = 2.4.1;
			};
		};
/* End XCRemoteSwiftPackageReference section */

/* Begin XCSwiftPackageProductDependency section */
		742F1A742E4D4DD6001A10CC /* MarkdownUI */ = {
			isa = XCSwiftPackageProductDependency;
			package = 742F1A732E4D4DD6001A10CC /* XCRemoteSwiftPackageReference "MarkdownUI" */;
			productName = MarkdownUI;
		};
/* End XCSwiftPackageProductDependency section */
	};
	rootObject = 74516F4B2D33EA1300731EDB /* Project object */;
}
